
Microsoft Visual Studio Solution File, Format Version 12.00
# Visual Studio Version 17
VisualStudioVersion = 17.9.34321.82
MinimumVisualStudioVersion = 10.0.40219.1
Project("{FAE04EC0-301F-11D3-BF4B-00C04F79EFBC}") = "Employee.Api", "Employee.Api.csproj", "{32749511-B57A-45F9-9ED4-3803C22904B8}"
EndProject
Project("{FAE04EC0-301F-11D3-BF4B-00C04F79EFBC}") = "Employee.DataModel", "..\Employee.DataModel\Employee.DataModel.csproj", "{F81BA77F-FD9F-4861-97CE-248ABAECF36A}"
EndProject
Project("{FAE04EC0-301F-11D3-BF4B-00C04F79EFBC}") = "Employee.Logic", "..\Employee.Logic\Employee.Logic.csproj", "{2502376E-545C-49A0-84CE-E9DE4F70C9DB}"
EndProject
Project("{FAE04EC0-301F-11D3-BF4B-00C04F79EFBC}") = "Employee.Domain", "..\Employee.Domain\Employee.Domain.csproj", "{6481AF8D-4D92-47B7-906C-0EF3A48DEA1D}"
EndProject
Project("{FAE04EC0-301F-11D3-BF4B-00C04F79EFBC}") = "Employee.Shared", "..\Employee.Shared\Employee.Shared.csproj", "{4AFBF5EA-B3B4-44C9-B0EC-A9566A734FAF}"
EndProject
Global
	GlobalSection(SolutionConfigurationPlatforms) = preSolution
		Debug|Any CPU = Debug|Any CPU
		Release|Any CPU = Release|Any CPU
	EndGlobalSection
	GlobalSection(ProjectConfigurationPlatforms) = postSolution
		{32749511-B57A-45F9-9ED4-3803C22904B8}.Debug|Any CPU.ActiveCfg = Debug|Any CPU
		{32749511-B57A-45F9-9ED4-3803C22904B8}.Debug|Any CPU.Build.0 = Debug|Any CPU
		{32749511-B57A-45F9-9ED4-3803C22904B8}.Release|Any CPU.ActiveCfg = Release|Any CPU
		{32749511-B57A-45F9-9ED4-3803C22904B8}.Release|Any CPU.Build.0 = Release|Any CPU
		{F81BA77F-FD9F-4861-97CE-248ABAECF36A}.Debug|Any CPU.ActiveCfg = Debug|Any CPU
		{F81BA77F-FD9F-4861-97CE-248ABAECF36A}.Debug|Any CPU.Build.0 = Debug|Any CPU
		{F81BA77F-FD9F-4861-97CE-248ABAECF36A}.Release|Any CPU.ActiveCfg = Release|Any CPU
		{F81BA77F-FD9F-4861-97CE-248ABAECF36A}.Release|Any CPU.Build.0 = Release|Any CPU
		{2502376E-545C-49A0-84CE-E9DE4F70C9DB}.Debug|Any CPU.ActiveCfg = Debug|Any CPU
		{2502376E-545C-49A0-84CE-E9DE4F70C9DB}.Debug|Any CPU.Build.0 = Debug|Any CPU
		{2502376E-545C-49A0-84CE-E9DE4F70C9DB}.Release|Any CPU.ActiveCfg = Release|Any CPU
		{2502376E-545C-49A0-84CE-E9DE4F70C9DB}.Release|Any CPU.Build.0 = Release|Any CPU
		{6481AF8D-4D92-47B7-906C-0EF3A48DEA1D}.Debug|Any CPU.ActiveCfg = Debug|Any CPU
		{6481AF8D-4D92-47B7-906C-0EF3A48DEA1D}.Debug|Any CPU.Build.0 = Debug|Any CPU
		{6481AF8D-4D92-47B7-906C-0EF3A48DEA1D}.Release|Any CPU.ActiveCfg = Release|Any CPU
		{6481AF8D-4D92-47B7-906C-0EF3A48DEA1D}.Release|Any CPU.Build.0 = Release|Any CPU
		{4AFBF5EA-B3B4-44C9-B0EC-A9566A734FAF}.Debug|Any CPU.ActiveCfg = Debug|Any CPU
		{4AFBF5EA-B3B4-44C9-B0EC-A9566A734FAF}.Debug|Any CPU.Build.0 = Debug|Any CPU
		{4AFBF5EA-B3B4-44C9-B0EC-A9566A734FAF}.Release|Any CPU.ActiveCfg = Release|Any CPU
		{4AFBF5EA-B3B4-44C9-B0EC-A9566A734FAF}.Release|Any CPU.Build.0 = Release|Any CPU
	EndGlobalSection
	GlobalSection(SolutionProperties) = preSolution
		HideSolutionNode = FALSE
	EndGlobalSection
	GlobalSection(ExtensibilityGlobals) = postSolution
		SolutionGuid = {B7B950E6-7057-45BF-B844-D88BD8B36D0B}
	EndGlobalSection
EndGlobal
